
Microsoft Visual Studio Solution File, Format Version 12.00
# Visual Studio Version 16
VisualStudioVersion = 16.0.30523.141
MinimumVisualStudioVersion = 10.0.40219.1
Project("{FAE04EC0-301F-11D3-BF4B-00C04F79EFBC}") = "User", "User.csproj", "{BEBD2853-23C3-4409-857C-9F067F80289A}"
EndProject
Global
	GlobalSection(SolutionConfigurationPlatforms) = preSolution
		Debug|Any CPU = Debug|Any CPU
		Release|Any CPU = Release|Any CPU
	EndGlobalSection
	GlobalSection(ProjectConfigurationPlatforms) = postSolution
		{BEBD2853-23C3-4409-857C-9F067F80289A}.Debug|Any CPU.ActiveCfg = Debug|Any CPU
		{BEBD2853-23C3-4409-857C-9F067F80289A}.Debug|Any CPU.Build.0 = Debug|Any CPU
		{BEBD2853-23C3-4409-857C-9F067F80289A}.Release|Any CPU.ActiveCfg = Release|Any CPU
		{BEBD2853-23C3-4409-857C-9F067F80289A}.Release|Any CPU.Build.0 = Release|Any CPU
	EndGlobalSection
	GlobalSection(SolutionProperties) = preSolution
		HideSolutionNode = FALSE
	EndGlobalSection
	GlobalSection(ExtensibilityGlobals) = postSolution
		SolutionGuid = {F04BAE7A-5365-427F-8AE9-70F9C4006557}
	EndGlobalSection
EndGlobal
